
Microsoft Visual Studio Solution File, Format Version 12.00
# Visual Studio Version 17
VisualStudioVersion = 17.11.35312.102
MinimumVisualStudioVersion = 10.0.40219.1
Project("{FAE04EC0-301F-11D3-BF4B-00C04F79EFBC}") = "WinFormsApp1", "WinFormsApp1\WinFormsApp1.csproj", "{5294C606-1E8E-4526-BAB4-2A26AB764D9C}"
EndProject
Global
	GlobalSection(SolutionConfigurationPlatforms) = preSolution
		Debug|Any CPU = Debug|Any CPU
		Release|Any CPU = Release|Any CPU
	EndGlobalSection
	GlobalSection(ProjectConfigurationPlatforms) = postSolution
		{5294C606-1E8E-4526-BAB4-2A26AB764D9C}.Debug|Any CPU.ActiveCfg = Debug|Any CPU
		{5294C606-1E8E-4526-BAB4-2A26AB764D9C}.Debug|Any CPU.Build.0 = Debug|Any CPU
		{5294C606-1E8E-4526-BAB4-2A26AB764D9C}.Release|Any CPU.ActiveCfg = Release|Any CPU
		{5294C606-1E8E-4526-BAB4-2A26AB764D9C}.Release|Any CPU.Build.0 = Release|Any CPU
	EndGlobalSection
	GlobalSection(SolutionProperties) = preSolution
		HideSolutionNode = FALSE
	EndGlobalSection
	GlobalSection(ExtensibilityGlobals) = postSolution
		SolutionGuid = {A1B33F4E-689F-42D5-9C91-9C5687A71A5C}
	EndGlobalSection
EndGlobal
